// !$*UTF8*$!
{
	archiveVersion = 1;
	classes = {
	};
	objectVersion = 56;
	objects = {

/* Begin PBXBuildFile section */
		EE2EE4632B64499C009C0DD2 /* ConfirmationViewController.swift in Sources */ = {isa = PBXBuildFile; fileRef = EE2EE4622B64499C009C0DD2 /* ConfirmationViewController.swift */; };
		EE337F092B5562D1004DBA6B /* AppDelegate.swift in Sources */ = {isa = PBXBuildFile; fileRef = EE337F082B5562D1004DBA6B /* AppDelegate.swift */; };
		EE337F0B2B5562D1004DBA6B /* SceneDelegate.swift in Sources */ = {isa = PBXBuildFile; fileRef = EE337F0A2B5562D1004DBA6B /* SceneDelegate.swift */; };
		EE337F122B5562D2004DBA6B /* Assets.xcassets in Resources */ = {isa = PBXBuildFile; fileRef = EE337F112B5562D2004DBA6B /* Assets.xcassets */; };
		EE337F152B5562D2004DBA6B /* LaunchScreen.storyboard in Resources */ = {isa = PBXBuildFile; fileRef = EE337F132B5562D2004DBA6B /* LaunchScreen.storyboard */; };
		EE337F212B556A8D004DBA6B /* Color+Extension.swift in Sources */ = {isa = PBXBuildFile; fileRef = EE337F202B556A8D004DBA6B /* Color+Extension.swift */; };
		EE337F282B556F9B004DBA6B /* Image+Extension.swift in Sources */ = {isa = PBXBuildFile; fileRef = EE337F272B556F9B004DBA6B /* Image+Extension.swift */; };
		EE337F302B55770A004DBA6B /* LaunchScreenView.swift in Sources */ = {isa = PBXBuildFile; fileRef = EE337F2F2B55770A004DBA6B /* LaunchScreenView.swift */; };
		EE337F322B559606004DBA6B /* PrimaryButtonComponentView.swift in Sources */ = {isa = PBXBuildFile; fileRef = EE337F312B559606004DBA6B /* PrimaryButtonComponentView.swift */; };
		EE337F352B559E5F004DBA6B /* AppBenefitTextComponentView.swift in Sources */ = {isa = PBXBuildFile; fileRef = EE337F342B559E5F004DBA6B /* AppBenefitTextComponentView.swift */; };
		EE337F3B2B55ADAA004DBA6B /* LoginOptionsView.swift in Sources */ = {isa = PBXBuildFile; fileRef = EE337F3A2B55ADAA004DBA6B /* LoginOptionsView.swift */; };
		EE337F3D2B55AFEC004DBA6B /* SecondaryButtonComponentView.swift in Sources */ = {isa = PBXBuildFile; fileRef = EE337F3C2B55AFEC004DBA6B /* SecondaryButtonComponentView.swift */; };
		EE337F412B55BE81004DBA6B /* SignUpWithEmailView.swift in Sources */ = {isa = PBXBuildFile; fileRef = EE337F402B55BE81004DBA6B /* SignUpWithEmailView.swift */; };
		EE337F432B55BFD6004DBA6B /* SignUpWithEmailViewModel.swift in Sources */ = {isa = PBXBuildFile; fileRef = EE337F422B55BFD6004DBA6B /* SignUpWithEmailViewModel.swift */; };
		EE337F492B56B15A004DBA6B /* LogInWithEmailView.swift in Sources */ = {isa = PBXBuildFile; fileRef = EE337F482B56B15A004DBA6B /* LogInWithEmailView.swift */; };
		EE337F4B2B56B177004DBA6B /* LogInWithEmailViewModel.swift in Sources */ = {isa = PBXBuildFile; fileRef = EE337F4A2B56B177004DBA6B /* LogInWithEmailViewModel.swift */; };
		EE487F5E2B6558D9001E8CEA /* FavoriteRestaurantsTableViewCell.swift in Sources */ = {isa = PBXBuildFile; fileRef = EE487F5D2B6558D9001E8CEA /* FavoriteRestaurantsTableViewCell.swift */; };
		EE487F602B658C48001E8CEA /* LocationsView.swift in Sources */ = {isa = PBXBuildFile; fileRef = EE487F5F2B658C48001E8CEA /* LocationsView.swift */; };
		EE487F622B6590C4001E8CEA /* LocationsViewModel.swift in Sources */ = {isa = PBXBuildFile; fileRef = EE487F612B6590C4001E8CEA /* LocationsViewModel.swift */; };
		EE487F662B6598B8001E8CEA /* RestaurantLocation.swift in Sources */ = {isa = PBXBuildFile; fileRef = EE487F652B6598B8001E8CEA /* RestaurantLocation.swift */; };
		EE487F682B663ADA001E8CEA /* LocationsListView.swift in Sources */ = {isa = PBXBuildFile; fileRef = EE487F672B663ADA001E8CEA /* LocationsListView.swift */; };
		EE487F6D2B66463F001E8CEA /* LocationPreviewView.swift in Sources */ = {isa = PBXBuildFile; fileRef = EE487F6C2B66463F001E8CEA /* LocationPreviewView.swift */; };
		EE487F6F2B666031001E8CEA /* LocationMapAnnotationView.swift in Sources */ = {isa = PBXBuildFile; fileRef = EE487F6E2B666031001E8CEA /* LocationMapAnnotationView.swift */; };
		EE487F712B666770001E8CEA /* LocationDetailsView.swift in Sources */ = {isa = PBXBuildFile; fileRef = EE487F702B666770001E8CEA /* LocationDetailsView.swift */; };
		EE487F732B6770DE001E8CEA /* Animation - 1706506113575.json in Resources */ = {isa = PBXBuildFile; fileRef = EE487F722B6770DE001E8CEA /* Animation - 1706506113575.json */; };
		EE487F752B6770E5001E8CEA /* Animation - 1706506120281.json in Resources */ = {isa = PBXBuildFile; fileRef = EE487F742B6770E5001E8CEA /* Animation - 1706506120281.json */; };
		EE487F772B677F53001E8CEA /* EmptyStateViewController.swift in Sources */ = {isa = PBXBuildFile; fileRef = EE487F762B677F53001E8CEA /* EmptyStateViewController.swift */; };
		EE487F792B679767001E8CEA /* ReservationsManager.swift in Sources */ = {isa = PBXBuildFile; fileRef = EE487F782B679767001E8CEA /* ReservationsManager.swift */; };
		EE487F7D2B6797B4001E8CEA /* MyReservation.swift in Sources */ = {isa = PBXBuildFile; fileRef = EE487F7C2B6797B4001E8CEA /* MyReservation.swift */; };
		EE53F17A2B5A6E730019853F /* Restaurant.swift in Sources */ = {isa = PBXBuildFile; fileRef = EE53F1792B5A6E730019853F /* Restaurant.swift */; };
		EE53F17E2B5A858C0019853F /* RestaurantsViewModel.swift in Sources */ = {isa = PBXBuildFile; fileRef = EE53F17D2B5A858C0019853F /* RestaurantsViewModel.swift */; };
		EE53F1802B5AA8530019853F /* CuisineButton.swift in Sources */ = {isa = PBXBuildFile; fileRef = EE53F17F2B5AA8530019853F /* CuisineButton.swift */; };
		EE53F1822B5AB3B50019853F /* TopRestaurantCollectionViewCell.swift in Sources */ = {isa = PBXBuildFile; fileRef = EE53F1812B5AB3B50019853F /* TopRestaurantCollectionViewCell.swift */; };
		EE53F1842B5ABB2D0019853F /* NetworkManager.swift in Sources */ = {isa = PBXBuildFile; fileRef = EE53F1832B5ABB2D0019853F /* NetworkManager.swift */; };
		EE53F1862B5B00F50019853F /* AllRestaurantsTableViewCell.swift in Sources */ = {isa = PBXBuildFile; fileRef = EE53F1852B5B00F50019853F /* AllRestaurantsTableViewCell.swift */; };
		EE65E9EA2B5D2E36009B6602 /* Lottie in Frameworks */ = {isa = PBXBuildFile; productRef = EE65E9E92B5D2E36009B6602 /* Lottie */; };
		EE65E9EE2B5D3804009B6602 /* Animation - 1705836632095.json in Resources */ = {isa = PBXBuildFile; fileRef = EE65E9ED2B5D3804009B6602 /* Animation - 1705836632095.json */; };
		EE8EB8FD2B5A52B000C6FEB9 /* TabBarController.swift in Sources */ = {isa = PBXBuildFile; fileRef = EE8EB8FC2B5A52B000C6FEB9 /* TabBarController.swift */; };
		EE8EB9002B5A531C00C6FEB9 /* RestaurantsViewController.swift in Sources */ = {isa = PBXBuildFile; fileRef = EE8EB8FF2B5A531C00C6FEB9 /* RestaurantsViewController.swift */; };
		EE8EB9092B5A539000C6FEB9 /* FavoritesViewController.swift in Sources */ = {isa = PBXBuildFile; fileRef = EE8EB9082B5A539000C6FEB9 /* FavoritesViewController.swift */; };
		EE8EB90C2B5A53B700C6FEB9 /* ProfileViewController.swift in Sources */ = {isa = PBXBuildFile; fileRef = EE8EB90B2B5A53B700C6FEB9 /* ProfileViewController.swift */; };
		EE931DA32B652FE6001725D4 /* Animation - 1706348887513.json in Resources */ = {isa = PBXBuildFile; fileRef = EE931DA22B652FE6001725D4 /* Animation - 1706348887513.json */; };
		EE931DA52B653587001725D4 /* Animation - 1706349327749.json in Resources */ = {isa = PBXBuildFile; fileRef = EE931DA42B653587001725D4 /* Animation - 1706349327749.json */; };
		EE98E0E52B5748580074962D /* AuthenticationManager.swift in Sources */ = {isa = PBXBuildFile; fileRef = EE98E0E42B5748580074962D /* AuthenticationManager.swift */; };
		EE98E0E82B57491D0074962D /* FirebaseAnalytics in Frameworks */ = {isa = PBXBuildFile; productRef = EE98E0E72B57491D0074962D /* FirebaseAnalytics */; };
		EE98E0EC2B57491D0074962D /* FirebaseAnalyticsSwift in Frameworks */ = {isa = PBXBuildFile; productRef = EE98E0EB2B57491D0074962D /* FirebaseAnalyticsSwift */; };
		EE98E0F32B5749330074962D /* FirebaseAuth in Frameworks */ = {isa = PBXBuildFile; productRef = EE98E0F22B5749330074962D /* FirebaseAuth */; };
		EE98E0F52B5782C90074962D /* AuthorizationDataResultModel.swift in Sources */ = {isa = PBXBuildFile; fileRef = EE98E0F42B5782C90074962D /* AuthorizationDataResultModel.swift */; };
		EEA4221D2B570A8200BC4693 /* CustomTextFieldComponentView.swift in Sources */ = {isa = PBXBuildFile; fileRef = EEA4221C2B570A8200BC4693 /* CustomTextFieldComponentView.swift */; };
		EEAB7C842B68D8540004FCC2 /* FavoritesManager.swift in Sources */ = {isa = PBXBuildFile; fileRef = EEAB7C832B68D8540004FCC2 /* FavoritesManager.swift */; };
		EEAB7C862B68E93C0004FCC2 /* FavoritesViewModel.swift in Sources */ = {isa = PBXBuildFile; fileRef = EEAB7C852B68E93C0004FCC2 /* FavoritesViewModel.swift */; };
		EEAB7C882B6A73BC0004FCC2 /* NavigationManager.swift in Sources */ = {isa = PBXBuildFile; fileRef = EEAB7C872B6A73BC0004FCC2 /* NavigationManager.swift */; };
		EEAB7C922B6A91620004FCC2 /* Constants.swift in Sources */ = {isa = PBXBuildFile; fileRef = EEAB7C912B6A91620004FCC2 /* Constants.swift */; };
		EEAB7C9F2B6ABCBE0004FCC2 /* ImageCacheManager.swift in Sources */ = {isa = PBXBuildFile; fileRef = EEAB7C9E2B6ABCBE0004FCC2 /* ImageCacheManager.swift */; };
		EEAB7CA12B6BA9530004FCC2 /* RestaurantDetailsViewModel.swift in Sources */ = {isa = PBXBuildFile; fileRef = EEAB7CA02B6BA9530004FCC2 /* RestaurantDetailsViewModel.swift */; };
		EEAB7CA42B6BC2200004FCC2 /* ReservationViewModel.swift in Sources */ = {isa = PBXBuildFile; fileRef = EEAB7CA32B6BC2200004FCC2 /* ReservationViewModel.swift */; };
		EEAB7CA72B6BCB260004FCC2 /* Table.swift in Sources */ = {isa = PBXBuildFile; fileRef = EEAB7CA62B6BCB260004FCC2 /* Table.swift */; };
		EEAB7CA92B6BD3240004FCC2 /* TablesViewModel.swift in Sources */ = {isa = PBXBuildFile; fileRef = EEAB7CA82B6BD3240004FCC2 /* TablesViewModel.swift */; };
		EEAB7CAB2B6BD9BF0004FCC2 /* ReservationsHistoryViewController.swift in Sources */ = {isa = PBXBuildFile; fileRef = EEAB7CAA2B6BD9BF0004FCC2 /* ReservationsHistoryViewController.swift */; };
		EEAB7CAE2B6CDDC20004FCC2 /* DaySchedule.swift in Sources */ = {isa = PBXBuildFile; fileRef = EEAB7CAD2B6CDDC20004FCC2 /* DaySchedule.swift */; };
		EEAB7CB02B6FB3800004FCC2 /* AlertManager.swift in Sources */ = {isa = PBXBuildFile; fileRef = EEAB7CAF2B6FB37F0004FCC2 /* AlertManager.swift */; };
		EEAB7CB22B6FC87D0004FCC2 /* CustomAnnotationView.swift in Sources */ = {isa = PBXBuildFile; fileRef = EEAB7CB12B6FC87D0004FCC2 /* CustomAnnotationView.swift */; };
		EEAB7CB42B6FE0580004FCC2 /* UserDefaults+Extension.swift in Sources */ = {isa = PBXBuildFile; fileRef = EEAB7CB32B6FE0580004FCC2 /* UserDefaults+Extension.swift */; };
		EEAB7CBC2B70052C0004FCC2 /* ReservationViewModelTests.swift in Sources */ = {isa = PBXBuildFile; fileRef = EEAB7CBB2B70052C0004FCC2 /* ReservationViewModelTests.swift */; };
		EEAB7CC32B720BFE0004FCC2 /* OrderFoodViewController.swift in Sources */ = {isa = PBXBuildFile; fileRef = EEAB7CC22B720BFE0004FCC2 /* OrderFoodViewController.swift */; };
		EEAB7CC52B7213D30004FCC2 /* SecondaryButtonComponent.swift in Sources */ = {isa = PBXBuildFile; fileRef = EEAB7CC42B7213D30004FCC2 /* SecondaryButtonComponent.swift */; };
		EEB37E732B5E6B5800D39BEA /* TablesViewController.swift in Sources */ = {isa = PBXBuildFile; fileRef = EEB37E722B5E6B5800D39BEA /* TablesViewController.swift */; };
		EEB37E762B5E6BAA00D39BEA /* TablesCollectionViewCell.swift in Sources */ = {isa = PBXBuildFile; fileRef = EEB37E752B5E6BAA00D39BEA /* TablesCollectionViewCell.swift */; };
		EEB37E7A2B60378500D39BEA /* SelfSizedTableView.swift in Sources */ = {isa = PBXBuildFile; fileRef = EEB37E792B60378500D39BEA /* SelfSizedTableView.swift */; };
		EED210532B5BECB600039A98 /* RestaurantDetailsViewController.swift in Sources */ = {isa = PBXBuildFile; fileRef = EED210522B5BECB600039A98 /* RestaurantDetailsViewController.swift */; };
		EED210552B5BECF700039A98 /* RestaurantImagesCollectionViewCell.swift in Sources */ = {isa = PBXBuildFile; fileRef = EED210542B5BECF700039A98 /* RestaurantImagesCollectionViewCell.swift */; };
		EED2105E2B5C58E000039A98 /* ConfirmationBanner.swift in Sources */ = {isa = PBXBuildFile; fileRef = EED2105D2B5C58E000039A98 /* ConfirmationBanner.swift */; };
		EED210602B5C5EEC00039A98 /* MainButtonComponent.swift in Sources */ = {isa = PBXBuildFile; fileRef = EED2105F2B5C5EEC00039A98 /* MainButtonComponent.swift */; };
		EED210622B5C6FCF00039A98 /* RestaurantHoursManager.swift in Sources */ = {isa = PBXBuildFile; fileRef = EED210612B5C6FCF00039A98 /* RestaurantHoursManager.swift */; };
		EED210642B5D10BE00039A98 /* OpenHoursViewController.swift in Sources */ = {isa = PBXBuildFile; fileRef = EED210632B5D10BE00039A98 /* OpenHoursViewController.swift */; };
		EEDABB732B58FE1600A918EC /* PasswordStrengthChecklist.swift in Sources */ = {isa = PBXBuildFile; fileRef = EEDABB722B58FE1600A918EC /* PasswordStrengthChecklist.swift */; };
		EEDABB752B58FE9C00A918EC /* ChecklistItem.swift in Sources */ = {isa = PBXBuildFile; fileRef = EEDABB742B58FE9C00A918EC /* ChecklistItem.swift */; };
		EEDABB792B590E8B00A918EC /* GoogleSignIn in Frameworks */ = {isa = PBXBuildFile; productRef = EEDABB782B590E8B00A918EC /* GoogleSignIn */; };
		EEDABB7B2B590E8B00A918EC /* GoogleSignInSwift in Frameworks */ = {isa = PBXBuildFile; productRef = EEDABB7A2B590E8B00A918EC /* GoogleSignInSwift */; };
		EEDABB7F2B590F4D00A918EC /* GoogleService-Info.plist in Resources */ = {isa = PBXBuildFile; fileRef = EEDABB7E2B590F4D00A918EC /* GoogleService-Info.plist */; };
		EEDABB812B5910E800A918EC /* LoginOptionsViewModel.swift in Sources */ = {isa = PBXBuildFile; fileRef = EEDABB802B5910E800A918EC /* LoginOptionsViewModel.swift */; };
		EEDABB832B591C9600A918EC /* Utilities.swift in Sources */ = {isa = PBXBuildFile; fileRef = EEDABB822B591C9600A918EC /* Utilities.swift */; };
		EEDABB852B591C9600A918EC /* SignInGoogleHelper.swift in Sources */ = {isa = PBXBuildFile; fileRef = EEDABB842B591C9600A918EC /* SignInGoogleHelper.swift */; };
		EEDABB872B591C9600A918EC /* GoogleSignInResultModel.swift in Sources */ = {isa = PBXBuildFile; fileRef = EEDABB862B591C9600A918EC /* GoogleSignInResultModel.swift */; };
		EEEC43482B5D4CE900E9F87D /* ReservationViewController.swift in Sources */ = {isa = PBXBuildFile; fileRef = EEEC43472B5D4CE900E9F87D /* ReservationViewController.swift */; };
/* End PBXBuildFile section */

/* Begin PBXContainerItemProxy section */
		EEAB7CBD2B70052C0004FCC2 /* PBXContainerItemProxy */ = {
			isa = PBXContainerItemProxy;
			containerPortal = EE337EFD2B5562D1004DBA6B /* Project object */;
			proxyType = 1;
			remoteGlobalIDString = EE337F042B5562D1004DBA6B;
			remoteInfo = Reserved;
		};
/* End PBXContainerItemProxy section */

/* Begin PBXFileReference section */
		EE2EE4622B64499C009C0DD2 /* ConfirmationViewController.swift */ = {isa = PBXFileReference; lastKnownFileType = sourcecode.swift; path = ConfirmationViewController.swift; sourceTree = "<group>"; };
		EE337F052B5562D1004DBA6B /* Reserved.app */ = {isa = PBXFileReference; explicitFileType = wrapper.application; includeInIndex = 0; path = Reserved.app; sourceTree = BUILT_PRODUCTS_DIR; };
		EE337F082B5562D1004DBA6B /* AppDelegate.swift */ = {isa = PBXFileReference; lastKnownFileType = sourcecode.swift; path = AppDelegate.swift; sourceTree = "<group>"; };
		EE337F0A2B5562D1004DBA6B /* SceneDelegate.swift */ = {isa = PBXFileReference; lastKnownFileType = sourcecode.swift; path = SceneDelegate.swift; sourceTree = "<group>"; };
		EE337F112B5562D2004DBA6B /* Assets.xcassets */ = {isa = PBXFileReference; lastKnownFileType = folder.assetcatalog; path = Assets.xcassets; sourceTree = "<group>"; };
		EE337F142B5562D2004DBA6B /* Base */ = {isa = PBXFileReference; lastKnownFileType = file.storyboard; name = Base; path = Base.lproj/LaunchScreen.storyboard; sourceTree = "<group>"; };
		EE337F162B5562D2004DBA6B /* Info.plist */ = {isa = PBXFileReference; lastKnownFileType = text.plist.xml; path = Info.plist; sourceTree = "<group>"; };
		EE337F202B556A8D004DBA6B /* Color+Extension.swift */ = {isa = PBXFileReference; lastKnownFileType = sourcecode.swift; path = "Color+Extension.swift"; sourceTree = "<group>"; };
		EE337F272B556F9B004DBA6B /* Image+Extension.swift */ = {isa = PBXFileReference; lastKnownFileType = sourcecode.swift; path = "Image+Extension.swift"; sourceTree = "<group>"; };
		EE337F2F2B55770A004DBA6B /* LaunchScreenView.swift */ = {isa = PBXFileReference; lastKnownFileType = sourcecode.swift; path = LaunchScreenView.swift; sourceTree = "<group>"; };
		EE337F312B559606004DBA6B /* PrimaryButtonComponentView.swift */ = {isa = PBXFileReference; lastKnownFileType = sourcecode.swift; path = PrimaryButtonComponentView.swift; sourceTree = "<group>"; };
		EE337F342B559E5F004DBA6B /* AppBenefitTextComponentView.swift */ = {isa = PBXFileReference; lastKnownFileType = sourcecode.swift; path = AppBenefitTextComponentView.swift; sourceTree = "<group>"; };
		EE337F3A2B55ADAA004DBA6B /* LoginOptionsView.swift */ = {isa = PBXFileReference; lastKnownFileType = sourcecode.swift; path = LoginOptionsView.swift; sourceTree = "<group>"; };
		EE337F3C2B55AFEC004DBA6B /* SecondaryButtonComponentView.swift */ = {isa = PBXFileReference; lastKnownFileType = sourcecode.swift; path = SecondaryButtonComponentView.swift; sourceTree = "<group>"; };
		EE337F402B55BE81004DBA6B /* SignUpWithEmailView.swift */ = {isa = PBXFileReference; lastKnownFileType = sourcecode.swift; path = SignUpWithEmailView.swift; sourceTree = "<group>"; };
		EE337F422B55BFD6004DBA6B /* SignUpWithEmailViewModel.swift */ = {isa = PBXFileReference; lastKnownFileType = sourcecode.swift; path = SignUpWithEmailViewModel.swift; sourceTree = "<group>"; };
		EE337F482B56B15A004DBA6B /* LogInWithEmailView.swift */ = {isa = PBXFileReference; lastKnownFileType = sourcecode.swift; path = LogInWithEmailView.swift; sourceTree = "<group>"; };
		EE337F4A2B56B177004DBA6B /* LogInWithEmailViewModel.swift */ = {isa = PBXFileReference; lastKnownFileType = sourcecode.swift; path = LogInWithEmailViewModel.swift; sourceTree = "<group>"; };
		EE487F5D2B6558D9001E8CEA /* FavoriteRestaurantsTableViewCell.swift */ = {isa = PBXFileReference; lastKnownFileType = sourcecode.swift; path = FavoriteRestaurantsTableViewCell.swift; sourceTree = "<group>"; };
		EE487F5F2B658C48001E8CEA /* LocationsView.swift */ = {isa = PBXFileReference; lastKnownFileType = sourcecode.swift; path = LocationsView.swift; sourceTree = "<group>"; };
		EE487F612B6590C4001E8CEA /* LocationsViewModel.swift */ = {isa = PBXFileReference; lastKnownFileType = sourcecode.swift; path = LocationsViewModel.swift; sourceTree = "<group>"; };
		EE487F652B6598B8001E8CEA /* RestaurantLocation.swift */ = {isa = PBXFileReference; lastKnownFileType = sourcecode.swift; path = RestaurantLocation.swift; sourceTree = "<group>"; };
		EE487F672B663ADA001E8CEA /* LocationsListView.swift */ = {isa = PBXFileReference; lastKnownFileType = sourcecode.swift; path = LocationsListView.swift; sourceTree = "<group>"; };
		EE487F6C2B66463F001E8CEA /* LocationPreviewView.swift */ = {isa = PBXFileReference; lastKnownFileType = sourcecode.swift; path = LocationPreviewView.swift; sourceTree = "<group>"; };
		EE487F6E2B666031001E8CEA /* LocationMapAnnotationView.swift */ = {isa = PBXFileReference; lastKnownFileType = sourcecode.swift; path = LocationMapAnnotationView.swift; sourceTree = "<group>"; };
		EE487F702B666770001E8CEA /* LocationDetailsView.swift */ = {isa = PBXFileReference; lastKnownFileType = sourcecode.swift; path = LocationDetailsView.swift; sourceTree = "<group>"; };
		EE487F722B6770DE001E8CEA /* Animation - 1706506113575.json */ = {isa = PBXFileReference; fileEncoding = 4; lastKnownFileType = text.json; path = "Animation - 1706506113575.json"; sourceTree = "<group>"; };
		EE487F742B6770E5001E8CEA /* Animation - 1706506120281.json */ = {isa = PBXFileReference; fileEncoding = 4; lastKnownFileType = text.json; path = "Animation - 1706506120281.json"; sourceTree = "<group>"; };
		EE487F762B677F53001E8CEA /* EmptyStateViewController.swift */ = {isa = PBXFileReference; lastKnownFileType = sourcecode.swift; path = EmptyStateViewController.swift; sourceTree = "<group>"; };
		EE487F782B679767001E8CEA /* ReservationsManager.swift */ = {isa = PBXFileReference; lastKnownFileType = sourcecode.swift; path = ReservationsManager.swift; sourceTree = "<group>"; };
		EE487F7C2B6797B4001E8CEA /* MyReservation.swift */ = {isa = PBXFileReference; lastKnownFileType = sourcecode.swift; path = MyReservation.swift; sourceTree = "<group>"; };
		EE53F1792B5A6E730019853F /* Restaurant.swift */ = {isa = PBXFileReference; lastKnownFileType = sourcecode.swift; path = Restaurant.swift; sourceTree = "<group>"; };
		EE53F17D2B5A858C0019853F /* RestaurantsViewModel.swift */ = {isa = PBXFileReference; lastKnownFileType = sourcecode.swift; path = RestaurantsViewModel.swift; sourceTree = "<group>"; };
		EE53F17F2B5AA8530019853F /* CuisineButton.swift */ = {isa = PBXFileReference; lastKnownFileType = sourcecode.swift; path = CuisineButton.swift; sourceTree = "<group>"; };
		EE53F1812B5AB3B50019853F /* TopRestaurantCollectionViewCell.swift */ = {isa = PBXFileReference; lastKnownFileType = sourcecode.swift; path = TopRestaurantCollectionViewCell.swift; sourceTree = "<group>"; };
		EE53F1832B5ABB2D0019853F /* NetworkManager.swift */ = {isa = PBXFileReference; lastKnownFileType = sourcecode.swift; path = NetworkManager.swift; sourceTree = "<group>"; };
		EE53F1852B5B00F50019853F /* AllRestaurantsTableViewCell.swift */ = {isa = PBXFileReference; lastKnownFileType = sourcecode.swift; path = AllRestaurantsTableViewCell.swift; sourceTree = "<group>"; };
		EE65E9ED2B5D3804009B6602 /* Animation - 1705836632095.json */ = {isa = PBXFileReference; fileEncoding = 4; lastKnownFileType = text.json; path = "Animation - 1705836632095.json"; sourceTree = "<group>"; };
		EE8EB8FC2B5A52B000C6FEB9 /* TabBarController.swift */ = {isa = PBXFileReference; lastKnownFileType = sourcecode.swift; path = TabBarController.swift; sourceTree = "<group>"; };
		EE8EB8FF2B5A531C00C6FEB9 /* RestaurantsViewController.swift */ = {isa = PBXFileReference; lastKnownFileType = sourcecode.swift; path = RestaurantsViewController.swift; sourceTree = "<group>"; };
		EE8EB9082B5A539000C6FEB9 /* FavoritesViewController.swift */ = {isa = PBXFileReference; lastKnownFileType = sourcecode.swift; path = FavoritesViewController.swift; sourceTree = "<group>"; };
		EE8EB90B2B5A53B700C6FEB9 /* ProfileViewController.swift */ = {isa = PBXFileReference; lastKnownFileType = sourcecode.swift; path = ProfileViewController.swift; sourceTree = "<group>"; };
		EE931DA22B652FE6001725D4 /* Animation - 1706348887513.json */ = {isa = PBXFileReference; fileEncoding = 4; lastKnownFileType = text.json; path = "Animation - 1706348887513.json"; sourceTree = "<group>"; };
		EE931DA42B653587001725D4 /* Animation - 1706349327749.json */ = {isa = PBXFileReference; fileEncoding = 4; lastKnownFileType = text.json; path = "Animation - 1706349327749.json"; sourceTree = "<group>"; };
		EE98E0E42B5748580074962D /* AuthenticationManager.swift */ = {isa = PBXFileReference; lastKnownFileType = sourcecode.swift; path = AuthenticationManager.swift; sourceTree = "<group>"; };
		EE98E0F42B5782C90074962D /* AuthorizationDataResultModel.swift */ = {isa = PBXFileReference; lastKnownFileType = sourcecode.swift; path = AuthorizationDataResultModel.swift; sourceTree = "<group>"; };
		EEA4221C2B570A8200BC4693 /* CustomTextFieldComponentView.swift */ = {isa = PBXFileReference; lastKnownFileType = sourcecode.swift; path = CustomTextFieldComponentView.swift; sourceTree = "<group>"; };
		EEAB7C832B68D8540004FCC2 /* FavoritesManager.swift */ = {isa = PBXFileReference; lastKnownFileType = sourcecode.swift; path = FavoritesManager.swift; sourceTree = "<group>"; };
		EEAB7C852B68E93C0004FCC2 /* FavoritesViewModel.swift */ = {isa = PBXFileReference; lastKnownFileType = sourcecode.swift; path = FavoritesViewModel.swift; sourceTree = "<group>"; };
		EEAB7C872B6A73BC0004FCC2 /* NavigationManager.swift */ = {isa = PBXFileReference; lastKnownFileType = sourcecode.swift; path = NavigationManager.swift; sourceTree = "<group>"; };
		EEAB7C912B6A91620004FCC2 /* Constants.swift */ = {isa = PBXFileReference; lastKnownFileType = sourcecode.swift; path = Constants.swift; sourceTree = "<group>"; };
		EEAB7C9E2B6ABCBE0004FCC2 /* ImageCacheManager.swift */ = {isa = PBXFileReference; lastKnownFileType = sourcecode.swift; path = ImageCacheManager.swift; sourceTree = "<group>"; };
		EEAB7CA02B6BA9530004FCC2 /* RestaurantDetailsViewModel.swift */ = {isa = PBXFileReference; lastKnownFileType = sourcecode.swift; path = RestaurantDetailsViewModel.swift; sourceTree = "<group>"; };
		EEAB7CA32B6BC2200004FCC2 /* ReservationViewModel.swift */ = {isa = PBXFileReference; lastKnownFileType = sourcecode.swift; path = ReservationViewModel.swift; sourceTree = "<group>"; };
		EEAB7CA62B6BCB260004FCC2 /* Table.swift */ = {isa = PBXFileReference; lastKnownFileType = sourcecode.swift; path = Table.swift; sourceTree = "<group>"; };
		EEAB7CA82B6BD3240004FCC2 /* TablesViewModel.swift */ = {isa = PBXFileReference; lastKnownFileType = sourcecode.swift; path = TablesViewModel.swift; sourceTree = "<group>"; };
		EEAB7CAA2B6BD9BF0004FCC2 /* ReservationsHistoryViewController.swift */ = {isa = PBXFileReference; lastKnownFileType = sourcecode.swift; path = ReservationsHistoryViewController.swift; sourceTree = "<group>"; };
		EEAB7CAD2B6CDDC20004FCC2 /* DaySchedule.swift */ = {isa = PBXFileReference; lastKnownFileType = sourcecode.swift; path = DaySchedule.swift; sourceTree = "<group>"; };
		EEAB7CAF2B6FB37F0004FCC2 /* AlertManager.swift */ = {isa = PBXFileReference; lastKnownFileType = sourcecode.swift; path = AlertManager.swift; sourceTree = "<group>"; };
		EEAB7CB12B6FC87D0004FCC2 /* CustomAnnotationView.swift */ = {isa = PBXFileReference; lastKnownFileType = sourcecode.swift; path = CustomAnnotationView.swift; sourceTree = "<group>"; };
		EEAB7CB32B6FE0580004FCC2 /* UserDefaults+Extension.swift */ = {isa = PBXFileReference; lastKnownFileType = sourcecode.swift; path = "UserDefaults+Extension.swift"; sourceTree = "<group>"; };
		EEAB7CB92B70052C0004FCC2 /* ReservationViewModelTests.xctest */ = {isa = PBXFileReference; explicitFileType = wrapper.cfbundle; includeInIndex = 0; path = ReservationViewModelTests.xctest; sourceTree = BUILT_PRODUCTS_DIR; };
		EEAB7CBB2B70052C0004FCC2 /* ReservationViewModelTests.swift */ = {isa = PBXFileReference; lastKnownFileType = sourcecode.swift; path = ReservationViewModelTests.swift; sourceTree = "<group>"; };
		EEAB7CC22B720BFE0004FCC2 /* OrderFoodViewController.swift */ = {isa = PBXFileReference; lastKnownFileType = sourcecode.swift; path = OrderFoodViewController.swift; sourceTree = "<group>"; };
		EEAB7CC42B7213D30004FCC2 /* SecondaryButtonComponent.swift */ = {isa = PBXFileReference; lastKnownFileType = sourcecode.swift; path = SecondaryButtonComponent.swift; sourceTree = "<group>"; };
		EEB37E722B5E6B5800D39BEA /* TablesViewController.swift */ = {isa = PBXFileReference; lastKnownFileType = sourcecode.swift; path = TablesViewController.swift; sourceTree = "<group>"; };
		EEB37E752B5E6BAA00D39BEA /* TablesCollectionViewCell.swift */ = {isa = PBXFileReference; lastKnownFileType = sourcecode.swift; path = TablesCollectionViewCell.swift; sourceTree = "<group>"; };
		EEB37E792B60378500D39BEA /* SelfSizedTableView.swift */ = {isa = PBXFileReference; lastKnownFileType = sourcecode.swift; path = SelfSizedTableView.swift; sourceTree = "<group>"; };
		EED210522B5BECB600039A98 /* RestaurantDetailsViewController.swift */ = {isa = PBXFileReference; lastKnownFileType = sourcecode.swift; path = RestaurantDetailsViewController.swift; sourceTree = "<group>"; };
		EED210542B5BECF700039A98 /* RestaurantImagesCollectionViewCell.swift */ = {isa = PBXFileReference; lastKnownFileType = sourcecode.swift; path = RestaurantImagesCollectionViewCell.swift; sourceTree = "<group>"; };
		EED2105D2B5C58E000039A98 /* ConfirmationBanner.swift */ = {isa = PBXFileReference; lastKnownFileType = sourcecode.swift; path = ConfirmationBanner.swift; sourceTree = "<group>"; };
		EED2105F2B5C5EEC00039A98 /* MainButtonComponent.swift */ = {isa = PBXFileReference; lastKnownFileType = sourcecode.swift; path = MainButtonComponent.swift; sourceTree = "<group>"; };
		EED210612B5C6FCF00039A98 /* RestaurantHoursManager.swift */ = {isa = PBXFileReference; lastKnownFileType = sourcecode.swift; path = RestaurantHoursManager.swift; sourceTree = "<group>"; };
		EED210632B5D10BE00039A98 /* OpenHoursViewController.swift */ = {isa = PBXFileReference; lastKnownFileType = sourcecode.swift; path = OpenHoursViewController.swift; sourceTree = "<group>"; };
		EEDABB722B58FE1600A918EC /* PasswordStrengthChecklist.swift */ = {isa = PBXFileReference; lastKnownFileType = sourcecode.swift; path = PasswordStrengthChecklist.swift; sourceTree = "<group>"; };
		EEDABB742B58FE9C00A918EC /* ChecklistItem.swift */ = {isa = PBXFileReference; lastKnownFileType = sourcecode.swift; path = ChecklistItem.swift; sourceTree = "<group>"; };
		EEDABB7E2B590F4D00A918EC /* GoogleService-Info.plist */ = {isa = PBXFileReference; fileEncoding = 4; lastKnownFileType = text.plist.xml; path = "GoogleService-Info.plist"; sourceTree = "<group>"; };
		EEDABB802B5910E800A918EC /* LoginOptionsViewModel.swift */ = {isa = PBXFileReference; lastKnownFileType = sourcecode.swift; path = LoginOptionsViewModel.swift; sourceTree = "<group>"; };
		EEDABB822B591C9600A918EC /* Utilities.swift */ = {isa = PBXFileReference; lastKnownFileType = sourcecode.swift; path = Utilities.swift; sourceTree = "<group>"; };
		EEDABB842B591C9600A918EC /* SignInGoogleHelper.swift */ = {isa = PBXFileReference; lastKnownFileType = sourcecode.swift; path = SignInGoogleHelper.swift; sourceTree = "<group>"; };
		EEDABB862B591C9600A918EC /* GoogleSignInResultModel.swift */ = {isa = PBXFileReference; lastKnownFileType = sourcecode.swift; path = GoogleSignInResultModel.swift; sourceTree = "<group>"; };
		EEEC43472B5D4CE900E9F87D /* ReservationViewController.swift */ = {isa = PBXFileReference; lastKnownFileType = sourcecode.swift; path = ReservationViewController.swift; sourceTree = "<group>"; };
/* End PBXFileReference section */

/* Begin PBXFrameworksBuildPhase section */
		EE337F022B5562D1004DBA6B /* Frameworks */ = {
			isa = PBXFrameworksBuildPhase;
			buildActionMask = 2147483647;
			files = (
				EEDABB7B2B590E8B00A918EC /* GoogleSignInSwift in Frameworks */,
				EE98E0EC2B57491D0074962D /* FirebaseAnalyticsSwift in Frameworks */,
				EEDABB792B590E8B00A918EC /* GoogleSignIn in Frameworks */,
				EE98E0F32B5749330074962D /* FirebaseAuth in Frameworks */,
				EE98E0E82B57491D0074962D /* FirebaseAnalytics in Frameworks */,
				EE65E9EA2B5D2E36009B6602 /* Lottie in Frameworks */,
			);
			runOnlyForDeploymentPostprocessing = 0;
		};
		EEAB7CB62B70052C0004FCC2 /* Frameworks */ = {
			isa = PBXFrameworksBuildPhase;
			buildActionMask = 2147483647;
			files = (
			);
			runOnlyForDeploymentPostprocessing = 0;
		};
/* End PBXFrameworksBuildPhase section */

/* Begin PBXGroup section */
		EE29638F2B58FAEF0047938C /* Models */ = {
			isa = PBXGroup;
			children = (
				EE98E0F42B5782C90074962D /* AuthorizationDataResultModel.swift */,
				EEDABB862B591C9600A918EC /* GoogleSignInResultModel.swift */,
				EE53F1792B5A6E730019853F /* Restaurant.swift */,
				EE487F652B6598B8001E8CEA /* RestaurantLocation.swift */,
				EEAB7CA62B6BCB260004FCC2 /* Table.swift */,
				EE487F7C2B6797B4001E8CEA /* MyReservation.swift */,
				EEAB7CAD2B6CDDC20004FCC2 /* DaySchedule.swift */,
			);
			path = Models;
			sourceTree = "<group>";
		};
		EE2963902B58FB0D0047938C /* Helpers */ = {
			isa = PBXGroup;
			children = (
				EEDABB842B591C9600A918EC /* SignInGoogleHelper.swift */,
				EEDABB822B591C9600A918EC /* Utilities.swift */,
			);
			path = Helpers;
			sourceTree = "<group>";
		};
		EE2963912B58FC570047938C /* PasswordCheckComponents */ = {
			isa = PBXGroup;
			children = (
				EEDABB722B58FE1600A918EC /* PasswordStrengthChecklist.swift */,
				EEDABB742B58FE9C00A918EC /* ChecklistItem.swift */,
			);
			path = PasswordCheckComponents;
			sourceTree = "<group>";
		};
		EE337EFC2B5562D1004DBA6B = {
			isa = PBXGroup;
			children = (
				EE337F072B5562D1004DBA6B /* Reserved */,
				EE337F062B5562D1004DBA6B /* Products */,
				EE98E0F12B5749330074962D /* Frameworks */,
			);
			sourceTree = "<group>";
		};
		EE337F062B5562D1004DBA6B /* Products */ = {
			isa = PBXGroup;
			children = (
				EE337F052B5562D1004DBA6B /* Reserved.app */,
				EEAB7CB92B70052C0004FCC2 /* ReservationViewModelTests.xctest */,
			);
			name = Products;
			sourceTree = "<group>";
		};
		EE337F072B5562D1004DBA6B /* Reserved */ = {
			isa = PBXGroup;
			children = (
				EE337F332B559C57004DBA6B /* App */,
				EE8EB8FB2B5A529200C6FEB9 /* TabBar */,
				EEAB7C892B6A75E90004FCC2 /* Managers */,
				EE29638F2B58FAEF0047938C /* Models */,
				EEAB7C8E2B6A8FEC0004FCC2 /* Scenes */,
				EEAB7C9B2B6AB4BB0004FCC2 /* SharedComponents */,
				EEAB7C902B6A91450004FCC2 /* Constants */,
				EE337F262B556CA6004DBA6B /* Extensions */,
				EEAB7CBA2B70052C0004FCC2 /* ReservationViewModelTests */,
				EEAB7C982B6AB4650004FCC2 /* Resources */,
				EE337F162B5562D2004DBA6B /* Info.plist */,
				EEDABB7E2B590F4D00A918EC /* GoogleService-Info.plist */,
			);
			path = Reserved;
			sourceTree = "<group>";
		};
		EE337F262B556CA6004DBA6B /* Extensions */ = {
			isa = PBXGroup;
			children = (
				EE337F202B556A8D004DBA6B /* Color+Extension.swift */,
				EE337F272B556F9B004DBA6B /* Image+Extension.swift */,
				EEAB7CB32B6FE0580004FCC2 /* UserDefaults+Extension.swift */,
			);
			path = Extensions;
			sourceTree = "<group>";
		};
		EE337F332B559C57004DBA6B /* App */ = {
			isa = PBXGroup;
			children = (
				EE337F082B5562D1004DBA6B /* AppDelegate.swift */,
				EE337F0A2B5562D1004DBA6B /* SceneDelegate.swift */,
			);
			path = App;
			sourceTree = "<group>";
		};
		EE337F372B55A820004DBA6B /* Components */ = {
			isa = PBXGroup;
			children = (
				EE2963912B58FC570047938C /* PasswordCheckComponents */,
				EEAB7C8A2B6A8EB70004FCC2 /* ButtonComponents */,
				EEAB7C8B2B6A8EDA0004FCC2 /* TextfieldComponent */,
				EEAB7C8C2B6A8EF50004FCC2 /* BenefitsTextComponent */,
			);
			path = Components;
			sourceTree = "<group>";
		};
		EE337F392B55A83E004DBA6B /* Scenes */ = {
			isa = PBXGroup;
			children = (
				EE337F4C2B56B241004DBA6B /* Launch */,
				EE337F4D2B56B24D004DBA6B /* LoginOptions */,
				EE337F4F2B56B25E004DBA6B /* Login */,
				EE337F4E2B56B255004DBA6B /* SignUp */,
			);
			path = Scenes;
			sourceTree = "<group>";
		};
		EE337F4C2B56B241004DBA6B /* Launch */ = {
			isa = PBXGroup;
			children = (
				EE337F2F2B55770A004DBA6B /* LaunchScreenView.swift */,
			);
			path = Launch;
			sourceTree = "<group>";
		};
		EE337F4D2B56B24D004DBA6B /* LoginOptions */ = {
			isa = PBXGroup;
			children = (
				EE337F3A2B55ADAA004DBA6B /* LoginOptionsView.swift */,
				EEDABB802B5910E800A918EC /* LoginOptionsViewModel.swift */,
			);
			path = LoginOptions;
			sourceTree = "<group>";
		};
		EE337F4E2B56B255004DBA6B /* SignUp */ = {
			isa = PBXGroup;
			children = (
				EE337F402B55BE81004DBA6B /* SignUpWithEmailView.swift */,
				EE337F422B55BFD6004DBA6B /* SignUpWithEmailViewModel.swift */,
			);
			path = SignUp;
			sourceTree = "<group>";
		};
		EE337F4F2B56B25E004DBA6B /* Login */ = {
			isa = PBXGroup;
			children = (
				EE337F482B56B15A004DBA6B /* LogInWithEmailView.swift */,
				EE337F4A2B56B177004DBA6B /* LogInWithEmailViewModel.swift */,
			);
			path = Login;
			sourceTree = "<group>";
		};
		EE487F692B6645DB001E8CEA /* Views */ = {
			isa = PBXGroup;
			children = (
				EE487F5F2B658C48001E8CEA /* LocationsView.swift */,
				EE487F672B663ADA001E8CEA /* LocationsListView.swift */,
				EE487F6C2B66463F001E8CEA /* LocationPreviewView.swift */,
				EE487F6E2B666031001E8CEA /* LocationMapAnnotationView.swift */,
				EE487F702B666770001E8CEA /* LocationDetailsView.swift */,
			);
			path = Views;
			sourceTree = "<group>";
		};
		EE487F6A2B6645E8001E8CEA /* ViewModel */ = {
			isa = PBXGroup;
			children = (
				EE487F612B6590C4001E8CEA /* LocationsViewModel.swift */,
			);
			path = ViewModel;
			sourceTree = "<group>";
		};
		EE65E9EF2B5D3C29009B6602 /* OpenHours */ = {
			isa = PBXGroup;
			children = (
				EED210632B5D10BE00039A98 /* OpenHoursViewController.swift */,
			);
			path = OpenHours;
			sourceTree = "<group>";
		};
		EE8EB8FB2B5A529200C6FEB9 /* TabBar */ = {
			isa = PBXGroup;
			children = (
				EE8EB8FC2B5A52B000C6FEB9 /* TabBarController.swift */,
			);
			path = TabBar;
			sourceTree = "<group>";
		};
		EE8EB9012B5A532100C6FEB9 /* Map */ = {
			isa = PBXGroup;
			children = (
				EE487F692B6645DB001E8CEA /* Views */,
				EE487F6A2B6645E8001E8CEA /* ViewModel */,
			);
			path = Map;
			sourceTree = "<group>";
		};
		EE8EB9042B5A534400C6FEB9 /* ReservationHistory */ = {
			isa = PBXGroup;
			children = (
				EEAB7CAA2B6BD9BF0004FCC2 /* ReservationsHistoryViewController.swift */,
			);
			path = ReservationHistory;
			sourceTree = "<group>";
		};
		EE8EB9072B5A536000C6FEB9 /* Favorites */ = {
			isa = PBXGroup;
			children = (
				EEAB7CAC2B6BDA540004FCC2 /* TableViewCell */,
				EE8EB9082B5A539000C6FEB9 /* FavoritesViewController.swift */,
				EEAB7C852B68E93C0004FCC2 /* FavoritesViewModel.swift */,
			);
			path = Favorites;
			sourceTree = "<group>";
		};
		EE8EB90A2B5A53A200C6FEB9 /* Profile */ = {
			isa = PBXGroup;
			children = (
				EE8EB90B2B5A53B700C6FEB9 /* ProfileViewController.swift */,
			);
			path = Profile;
			sourceTree = "<group>";
		};
		EE98E0E32B5748250074962D /* Authentication */ = {
			isa = PBXGroup;
			children = (
				EE337F392B55A83E004DBA6B /* Scenes */,
				EE2963902B58FB0D0047938C /* Helpers */,
				EE337F372B55A820004DBA6B /* Components */,
			);
			path = Authentication;
			sourceTree = "<group>";
		};
		EE98E0F12B5749330074962D /* Frameworks */ = {
			isa = PBXGroup;
			children = (
			);
			name = Frameworks;
			sourceTree = "<group>";
		};
		EEAB7C892B6A75E90004FCC2 /* Managers */ = {
			isa = PBXGroup;
			children = (
				EEAB7C872B6A73BC0004FCC2 /* NavigationManager.swift */,
				EE98E0E42B5748580074962D /* AuthenticationManager.swift */,
				EE53F1832B5ABB2D0019853F /* NetworkManager.swift */,
				EEAB7C9E2B6ABCBE0004FCC2 /* ImageCacheManager.swift */,
				EE487F782B679767001E8CEA /* ReservationsManager.swift */,
				EEAB7C832B68D8540004FCC2 /* FavoritesManager.swift */,
				EED210612B5C6FCF00039A98 /* RestaurantHoursManager.swift */,
				EEAB7CAF2B6FB37F0004FCC2 /* AlertManager.swift */,
			);
			path = Managers;
			sourceTree = "<group>";
		};
		EEAB7C8A2B6A8EB70004FCC2 /* ButtonComponents */ = {
			isa = PBXGroup;
			children = (
				EE337F312B559606004DBA6B /* PrimaryButtonComponentView.swift */,
				EE337F3C2B55AFEC004DBA6B /* SecondaryButtonComponentView.swift */,
			);
			path = ButtonComponents;
			sourceTree = "<group>";
		};
		EEAB7C8B2B6A8EDA0004FCC2 /* TextfieldComponent */ = {
			isa = PBXGroup;
			children = (
				EEA4221C2B570A8200BC4693 /* CustomTextFieldComponentView.swift */,
			);
			path = TextfieldComponent;
			sourceTree = "<group>";
		};
		EEAB7C8C2B6A8EF50004FCC2 /* BenefitsTextComponent */ = {
			isa = PBXGroup;
			children = (
				EE337F342B559E5F004DBA6B /* AppBenefitTextComponentView.swift */,
			);
			path = BenefitsTextComponent;
			sourceTree = "<group>";
		};
		EEAB7C8E2B6A8FEC0004FCC2 /* Scenes */ = {
			isa = PBXGroup;
			children = (
				EE98E0E32B5748250074962D /* Authentication */,
				EEAB7C932B6AB2340004FCC2 /* Explore */,
				EE8EB9012B5A532100C6FEB9 /* Map */,
				EE8EB9042B5A534400C6FEB9 /* ReservationHistory */,
				EE8EB9072B5A536000C6FEB9 /* Favorites */,
				EE8EB90A2B5A53A200C6FEB9 /* Profile */,
			);
			path = Scenes;
			sourceTree = "<group>";
		};
		EEAB7C8F2B6A90270004FCC2 /* AllRestaurants */ = {
			isa = PBXGroup;
			children = (
				EED210592B5BEDA900039A98 /* CollectionViewCell */,
				EED210582B5BED9600039A98 /* TableViewCell */,
				EE8EB8FF2B5A531C00C6FEB9 /* RestaurantsViewController.swift */,
				EE53F17D2B5A858C0019853F /* RestaurantsViewModel.swift */,
			);
			path = AllRestaurants;
			sourceTree = "<group>";
		};
		EEAB7C902B6A91450004FCC2 /* Constants */ = {
			isa = PBXGroup;
			children = (
				EEAB7C912B6A91620004FCC2 /* Constants.swift */,
			);
			path = Constants;
			sourceTree = "<group>";
		};
		EEAB7C932B6AB2340004FCC2 /* Explore */ = {
			isa = PBXGroup;
			children = (
				EEAB7C9D2B6AB51F0004FCC2 /* Scenes */,
				EEAB7C9C2B6AB4F40004FCC2 /* Components */,
			);
			path = Explore;
			sourceTree = "<group>";
		};
		EEAB7C942B6AB32F0004FCC2 /* RestaurantDetails */ = {
			isa = PBXGroup;
			children = (
				EEAB7C952B6AB37E0004FCC2 /* CollectionViewCell */,
				EED210522B5BECB600039A98 /* RestaurantDetailsViewController.swift */,
				EEAB7CA02B6BA9530004FCC2 /* RestaurantDetailsViewModel.swift */,
			);
			path = RestaurantDetails;
			sourceTree = "<group>";
		};
		EEAB7C952B6AB37E0004FCC2 /* CollectionViewCell */ = {
			isa = PBXGroup;
			children = (
				EED210542B5BECF700039A98 /* RestaurantImagesCollectionViewCell.swift */,
			);
			path = CollectionViewCell;
			sourceTree = "<group>";
		};
		EEAB7C962B6AB3960004FCC2 /* Reservation */ = {
			isa = PBXGroup;
			children = (
				EEEC43472B5D4CE900E9F87D /* ReservationViewController.swift */,
				EEAB7CA32B6BC2200004FCC2 /* ReservationViewModel.swift */,
			);
			path = Reservation;
			sourceTree = "<group>";
		};
		EEAB7C982B6AB4650004FCC2 /* Resources */ = {
			isa = PBXGroup;
			children = (
				EEAB7C992B6AB47A0004FCC2 /* Animations */,
				EE337F112B5562D2004DBA6B /* Assets.xcassets */,
				EE337F132B5562D2004DBA6B /* LaunchScreen.storyboard */,
			);
			path = Resources;
			sourceTree = "<group>";
		};
		EEAB7C992B6AB47A0004FCC2 /* Animations */ = {
			isa = PBXGroup;
			children = (
				EE65E9ED2B5D3804009B6602 /* Animation - 1705836632095.json */,
				EE931DA22B652FE6001725D4 /* Animation - 1706348887513.json */,
				EE931DA42B653587001725D4 /* Animation - 1706349327749.json */,
				EE487F722B6770DE001E8CEA /* Animation - 1706506113575.json */,
				EE487F742B6770E5001E8CEA /* Animation - 1706506120281.json */,
			);
			path = Animations;
			sourceTree = "<group>";
		};
		EEAB7C9B2B6AB4BB0004FCC2 /* SharedComponents */ = {
			isa = PBXGroup;
			children = (
				EED2105F2B5C5EEC00039A98 /* MainButtonComponent.swift */,
				EEAB7CC42B7213D30004FCC2 /* SecondaryButtonComponent.swift */,
				EE487F762B677F53001E8CEA /* EmptyStateViewController.swift */,
			);
			path = SharedComponents;
			sourceTree = "<group>";
		};
		EEAB7C9C2B6AB4F40004FCC2 /* Components */ = {
			isa = PBXGroup;
			children = (
				EE53F17F2B5AA8530019853F /* CuisineButton.swift */,
				EED2105D2B5C58E000039A98 /* ConfirmationBanner.swift */,
				EEAB7CB12B6FC87D0004FCC2 /* CustomAnnotationView.swift */,
			);
			path = Components;
			sourceTree = "<group>";
		};
		EEAB7C9D2B6AB51F0004FCC2 /* Scenes */ = {
			isa = PBXGroup;
			children = (
				EEAB7C8F2B6A90270004FCC2 /* AllRestaurants */,
				EEAB7C942B6AB32F0004FCC2 /* RestaurantDetails */,
				EE65E9EF2B5D3C29009B6602 /* OpenHours */,
				EEAB7C962B6AB3960004FCC2 /* Reservation */,
				EEB37E742B5E6B6500D39BEA /* Tables */,
				EEAB7CA22B6BBC290004FCC2 /* Confirmation */,
				EEAB7CC22B720BFE0004FCC2 /* OrderFoodViewController.swift */,
			);
			path = Scenes;
			sourceTree = "<group>";
		};
		EEAB7CA22B6BBC290004FCC2 /* Confirmation */ = {
			isa = PBXGroup;
			children = (
				EE2EE4622B64499C009C0DD2 /* ConfirmationViewController.swift */,
			);
			path = Confirmation;
			sourceTree = "<group>";
		};
		EEAB7CA52B6BCA0E0004FCC2 /* TableViewCell */ = {
			isa = PBXGroup;
			children = (
				EEB37E752B5E6BAA00D39BEA /* TablesCollectionViewCell.swift */,
			);
			path = TableViewCell;
			sourceTree = "<group>";
		};
		EEAB7CAC2B6BDA540004FCC2 /* TableViewCell */ = {
			isa = PBXGroup;
			children = (
				EE487F5D2B6558D9001E8CEA /* FavoriteRestaurantsTableViewCell.swift */,
			);
			path = TableViewCell;
			sourceTree = "<group>";
		};
		EEAB7CBA2B70052C0004FCC2 /* ReservationViewModelTests */ = {
			isa = PBXGroup;
			children = (
				EEAB7CBB2B70052C0004FCC2 /* ReservationViewModelTests.swift */,
			);
			path = ReservationViewModelTests;
			sourceTree = "<group>";
		};
		EEB37E742B5E6B6500D39BEA /* Tables */ = {
			isa = PBXGroup;
			children = (
				EEAB7CA52B6BCA0E0004FCC2 /* TableViewCell */,
				EEB37E722B5E6B5800D39BEA /* TablesViewController.swift */,
				EEAB7CA82B6BD3240004FCC2 /* TablesViewModel.swift */,
			);
			path = Tables;
			sourceTree = "<group>";
		};
		EED210582B5BED9600039A98 /* TableViewCell */ = {
			isa = PBXGroup;
			children = (
				EE53F1852B5B00F50019853F /* AllRestaurantsTableViewCell.swift */,
				EEB37E792B60378500D39BEA /* SelfSizedTableView.swift */,
			);
			path = TableViewCell;
			sourceTree = "<group>";
		};
		EED210592B5BEDA900039A98 /* CollectionViewCell */ = {
			isa = PBXGroup;
			children = (
				EE53F1812B5AB3B50019853F /* TopRestaurantCollectionViewCell.swift */,
			);
			path = CollectionViewCell;
			sourceTree = "<group>";
		};
/* End PBXGroup section */

/* Begin PBXNativeTarget section */
		EE337F042B5562D1004DBA6B /* Reserved */ = {
			isa = PBXNativeTarget;
			buildConfigurationList = EE337F192B5562D2004DBA6B /* Build configuration list for PBXNativeTarget "Reserved" */;
			buildPhases = (
				EE337F012B5562D1004DBA6B /* Sources */,
				EE337F022B5562D1004DBA6B /* Frameworks */,
				EE337F032B5562D1004DBA6B /* Resources */,
			);
			buildRules = (
			);
			dependencies = (
			);
			name = Reserved;
			packageProductDependencies = (
				EE98E0E72B57491D0074962D /* FirebaseAnalytics */,
				EE98E0EB2B57491D0074962D /* FirebaseAnalyticsSwift */,
				EE98E0F22B5749330074962D /* FirebaseAuth */,
				EEDABB782B590E8B00A918EC /* GoogleSignIn */,
				EEDABB7A2B590E8B00A918EC /* GoogleSignInSwift */,
				EE65E9E92B5D2E36009B6602 /* Lottie */,
			);
			productName = Reserved;
			productReference = EE337F052B5562D1004DBA6B /* Reserved.app */;
			productType = "com.apple.product-type.application";
		};
		EEAB7CB82B70052C0004FCC2 /* ReservationViewModelTests */ = {
			isa = PBXNativeTarget;
			buildConfigurationList = EEAB7CC12B70052C0004FCC2 /* Build configuration list for PBXNativeTarget "ReservationViewModelTests" */;
			buildPhases = (
				EEAB7CB52B70052C0004FCC2 /* Sources */,
				EEAB7CB62B70052C0004FCC2 /* Frameworks */,
				EEAB7CB72B70052C0004FCC2 /* Resources */,
			);
			buildRules = (
			);
			dependencies = (
				EEAB7CBE2B70052C0004FCC2 /* PBXTargetDependency */,
			);
			name = ReservationViewModelTests;
			productName = ReservationViewModelTests;
			productReference = EEAB7CB92B70052C0004FCC2 /* ReservationViewModelTests.xctest */;
			productType = "com.apple.product-type.bundle.unit-test";
		};
/* End PBXNativeTarget section */

/* Begin PBXProject section */
		EE337EFD2B5562D1004DBA6B /* Project object */ = {
			isa = PBXProject;
			attributes = {
				BuildIndependentTargetsInParallel = 1;
				LastSwiftUpdateCheck = 1520;
				LastUpgradeCheck = 1500;
				TargetAttributes = {
					EE337F042B5562D1004DBA6B = {
						CreatedOnToolsVersion = 15.0.1;
					};
					EEAB7CB82B70052C0004FCC2 = {
						CreatedOnToolsVersion = 15.2;
						TestTargetID = EE337F042B5562D1004DBA6B;
					};
				};
			};
			buildConfigurationList = EE337F002B5562D1004DBA6B /* Build configuration list for PBXProject "Reserved" */;
			compatibilityVersion = "Xcode 14.0";
			developmentRegion = en;
			hasScannedForEncodings = 0;
			knownRegions = (
				en,
				Base,
			);
			mainGroup = EE337EFC2B5562D1004DBA6B;
			packageReferences = (
				EE98E0E62B57491D0074962D /* XCRemoteSwiftPackageReference "firebase-ios-sdk" */,
				EEDABB772B590E8B00A918EC /* XCRemoteSwiftPackageReference "GoogleSignIn-iOS" */,
				EE65E9E82B5D2E35009B6602 /* XCRemoteSwiftPackageReference "lottie-ios" */,
			);
			productRefGroup = EE337F062B5562D1004DBA6B /* Products */;
			projectDirPath = "";
			projectRoot = "";
			targets = (
				EE337F042B5562D1004DBA6B /* Reserved */,
				EEAB7CB82B70052C0004FCC2 /* ReservationViewModelTests */,
			);
		};
/* End PBXProject section */

/* Begin PBXResourcesBuildPhase section */
		EE337F032B5562D1004DBA6B /* Resources */ = {
			isa = PBXResourcesBuildPhase;
			buildActionMask = 2147483647;
			files = (
				EE65E9EE2B5D3804009B6602 /* Animation - 1705836632095.json in Resources */,
				EE931DA32B652FE6001725D4 /* Animation - 1706348887513.json in Resources */,
				EE487F752B6770E5001E8CEA /* Animation - 1706506120281.json in Resources */,
				EE337F152B5562D2004DBA6B /* LaunchScreen.storyboard in Resources */,
				EEDABB7F2B590F4D00A918EC /* GoogleService-Info.plist in Resources */,
				EE337F122B5562D2004DBA6B /* Assets.xcassets in Resources */,
				EE931DA52B653587001725D4 /* Animation - 1706349327749.json in Resources */,
				EE487F732B6770DE001E8CEA /* Animation - 1706506113575.json in Resources */,
			);
			runOnlyForDeploymentPostprocessing = 0;
		};
		EEAB7CB72B70052C0004FCC2 /* Resources */ = {
			isa = PBXResourcesBuildPhase;
			buildActionMask = 2147483647;
			files = (
			);
			runOnlyForDeploymentPostprocessing = 0;
		};
/* End PBXResourcesBuildPhase section */

/* Begin PBXSourcesBuildPhase section */
		EE337F012B5562D1004DBA6B /* Sources */ = {
			isa = PBXSourcesBuildPhase;
			buildActionMask = 2147483647;
			files = (
				EEAB7CA12B6BA9530004FCC2 /* RestaurantDetailsViewModel.swift in Sources */,
				EE487F5E2B6558D9001E8CEA /* FavoriteRestaurantsTableViewCell.swift in Sources */,
				EEAB7CAB2B6BD9BF0004FCC2 /* ReservationsHistoryViewController.swift in Sources */,
				EE487F682B663ADA001E8CEA /* LocationsListView.swift in Sources */,
				EE53F17A2B5A6E730019853F /* Restaurant.swift in Sources */,
				EE337F282B556F9B004DBA6B /* Image+Extension.swift in Sources */,
				EEAB7C9F2B6ABCBE0004FCC2 /* ImageCacheManager.swift in Sources */,
				EE487F712B666770001E8CEA /* LocationDetailsView.swift in Sources */,
				EE8EB9092B5A539000C6FEB9 /* FavoritesViewController.swift in Sources */,
				EE487F772B677F53001E8CEA /* EmptyStateViewController.swift in Sources */,
				EE487F7D2B6797B4001E8CEA /* MyReservation.swift in Sources */,
				EE53F1822B5AB3B50019853F /* TopRestaurantCollectionViewCell.swift in Sources */,
				EEAB7CC32B720BFE0004FCC2 /* OrderFoodViewController.swift in Sources */,
				EEDABB852B591C9600A918EC /* SignInGoogleHelper.swift in Sources */,
				EE487F602B658C48001E8CEA /* LocationsView.swift in Sources */,
				EEEC43482B5D4CE900E9F87D /* ReservationViewController.swift in Sources */,
				EEAB7CA72B6BCB260004FCC2 /* Table.swift in Sources */,
				EEDABB812B5910E800A918EC /* LoginOptionsViewModel.swift in Sources */,
				EEB37E7A2B60378500D39BEA /* SelfSizedTableView.swift in Sources */,
				EE2EE4632B64499C009C0DD2 /* ConfirmationViewController.swift in Sources */,
				EED210532B5BECB600039A98 /* RestaurantDetailsViewController.swift in Sources */,
				EEAB7CA42B6BC2200004FCC2 /* ReservationViewModel.swift in Sources */,
				EE337F4B2B56B177004DBA6B /* LogInWithEmailViewModel.swift in Sources */,
				EE53F1802B5AA8530019853F /* CuisineButton.swift in Sources */,
				EE53F17E2B5A858C0019853F /* RestaurantsViewModel.swift in Sources */,
				EEB37E732B5E6B5800D39BEA /* TablesViewController.swift in Sources */,
				EE487F6D2B66463F001E8CEA /* LocationPreviewView.swift in Sources */,
				EEAB7C862B68E93C0004FCC2 /* FavoritesViewModel.swift in Sources */,
				EE337F092B5562D1004DBA6B /* AppDelegate.swift in Sources */,
				EE487F662B6598B8001E8CEA /* RestaurantLocation.swift in Sources */,
				EED210642B5D10BE00039A98 /* OpenHoursViewController.swift in Sources */,
				EE8EB8FD2B5A52B000C6FEB9 /* TabBarController.swift in Sources */,
				EEAB7CAE2B6CDDC20004FCC2 /* DaySchedule.swift in Sources */,
				EEAB7CA92B6BD3240004FCC2 /* TablesViewModel.swift in Sources */,
				EED210552B5BECF700039A98 /* RestaurantImagesCollectionViewCell.swift in Sources */,
				EEAB7CB02B6FB3800004FCC2 /* AlertManager.swift in Sources */,
				EE98E0E52B5748580074962D /* AuthenticationManager.swift in Sources */,
				EEAB7C882B6A73BC0004FCC2 /* NavigationManager.swift in Sources */,
				EEAB7CC52B7213D30004FCC2 /* SecondaryButtonComponent.swift in Sources */,
				EEA4221D2B570A8200BC4693 /* CustomTextFieldComponentView.swift in Sources */,
				EEAB7CB42B6FE0580004FCC2 /* UserDefaults+Extension.swift in Sources */,
				EE53F1842B5ABB2D0019853F /* NetworkManager.swift in Sources */,
				EEDABB872B591C9600A918EC /* GoogleSignInResultModel.swift in Sources */,
				EED2105E2B5C58E000039A98 /* ConfirmationBanner.swift in Sources */,
				EEB37E762B5E6BAA00D39BEA /* TablesCollectionViewCell.swift in Sources */,
				EED210622B5C6FCF00039A98 /* RestaurantHoursManager.swift in Sources */,
				EE337F492B56B15A004DBA6B /* LogInWithEmailView.swift in Sources */,
				EE337F322B559606004DBA6B /* PrimaryButtonComponentView.swift in Sources */,
				EE487F6F2B666031001E8CEA /* LocationMapAnnotationView.swift in Sources */,
				EE487F792B679767001E8CEA /* ReservationsManager.swift in Sources */,
				EEDABB752B58FE9C00A918EC /* ChecklistItem.swift in Sources */,
				EEAB7C922B6A91620004FCC2 /* Constants.swift in Sources */,
				EE337F432B55BFD6004DBA6B /* SignUpWithEmailViewModel.swift in Sources */,
				EE8EB9002B5A531C00C6FEB9 /* RestaurantsViewController.swift in Sources */,
				EEDABB732B58FE1600A918EC /* PasswordStrengthChecklist.swift in Sources */,
				EE8EB90C2B5A53B700C6FEB9 /* ProfileViewController.swift in Sources */,
				EE98E0F52B5782C90074962D /* AuthorizationDataResultModel.swift in Sources */,
				EE337F412B55BE81004DBA6B /* SignUpWithEmailView.swift in Sources */,
				EE53F1862B5B00F50019853F /* AllRestaurantsTableViewCell.swift in Sources */,
				EE337F0B2B5562D1004DBA6B /* SceneDelegate.swift in Sources */,
				EE337F212B556A8D004DBA6B /* Color+Extension.swift in Sources */,
				EEAB7CB22B6FC87D0004FCC2 /* CustomAnnotationView.swift in Sources */,
				EED210602B5C5EEC00039A98 /* MainButtonComponent.swift in Sources */,
				EE337F302B55770A004DBA6B /* LaunchScreenView.swift in Sources */,
				EE337F3B2B55ADAA004DBA6B /* LoginOptionsView.swift in Sources */,
				EE337F352B559E5F004DBA6B /* AppBenefitTextComponentView.swift in Sources */,
				EEDABB832B591C9600A918EC /* Utilities.swift in Sources */,
				EEAB7C842B68D8540004FCC2 /* FavoritesManager.swift in Sources */,
				EE337F3D2B55AFEC004DBA6B /* SecondaryButtonComponentView.swift in Sources */,
				EE487F622B6590C4001E8CEA /* LocationsViewModel.swift in Sources */,
			);
			runOnlyForDeploymentPostprocessing = 0;
		};
		EEAB7CB52B70052C0004FCC2 /* Sources */ = {
			isa = PBXSourcesBuildPhase;
			buildActionMask = 2147483647;
			files = (
				EEAB7CBC2B70052C0004FCC2 /* ReservationViewModelTests.swift in Sources */,
			);
			runOnlyForDeploymentPostprocessing = 0;
		};
/* End PBXSourcesBuildPhase section */

/* Begin PBXTargetDependency section */
		EEAB7CBE2B70052C0004FCC2 /* PBXTargetDependency */ = {
			isa = PBXTargetDependency;
			target = EE337F042B5562D1004DBA6B /* Reserved */;
			targetProxy = EEAB7CBD2B70052C0004FCC2 /* PBXContainerItemProxy */;
		};
/* End PBXTargetDependency section */

/* Begin PBXVariantGroup section */
		EE337F132B5562D2004DBA6B /* LaunchScreen.storyboard */ = {
			isa = PBXVariantGroup;
			children = (
				EE337F142B5562D2004DBA6B /* Base */,
			);
			name = LaunchScreen.storyboard;
			sourceTree = "<group>";
		};
/* End PBXVariantGroup section */

/* Begin XCBuildConfiguration section */
		EE337F172B5562D2004DBA6B /* Debug */ = {
			isa = XCBuildConfiguration;
			buildSettings = {
				ALWAYS_SEARCH_USER_PATHS = NO;
				ASSETCATALOG_COMPILER_GENERATE_SWIFT_ASSET_SYMBOL_EXTENSIONS = YES;
				CLANG_ANALYZER_NONNULL = YES;
				CLANG_ANALYZER_NUMBER_OBJECT_CONVERSION = YES_AGGRESSIVE;
				CLANG_CXX_LANGUAGE_STANDARD = "gnu++20";
				CLANG_ENABLE_MODULES = YES;
				CLANG_ENABLE_OBJC_ARC = YES;
				CLANG_ENABLE_OBJC_WEAK = YES;
				CLANG_WARN_BLOCK_CAPTURE_AUTORELEASING = YES;
				CLANG_WARN_BOOL_CONVERSION = YES;
				CLANG_WARN_COMMA = YES;
				CLANG_WARN_CONSTANT_CONVERSION = YES;
				CLANG_WARN_DEPRECATED_OBJC_IMPLEMENTATIONS = YES;
				CLANG_WARN_DIRECT_OBJC_ISA_USAGE = YES_ERROR;
				CLANG_WARN_DOCUMENTATION_COMMENTS = YES;
				CLANG_WARN_EMPTY_BODY = YES;
				CLANG_WARN_ENUM_CONVERSION = YES;
				CLANG_WARN_INFINITE_RECURSION = YES;
				CLANG_WARN_INT_CONVERSION = YES;
				CLANG_WARN_NON_LITERAL_NULL_CONVERSION = YES;
				CLANG_WARN_OBJC_IMPLICIT_RETAIN_SELF = YES;
				CLANG_WARN_OBJC_LITERAL_CONVERSION = YES;
				CLANG_WARN_OBJC_ROOT_CLASS = YES_ERROR;
				CLANG_WARN_QUOTED_INCLUDE_IN_FRAMEWORK_HEADER = YES;
				CLANG_WARN_RANGE_LOOP_ANALYSIS = YES;
				CLANG_WARN_STRICT_PROTOTYPES = YES;
				CLANG_WARN_SUSPICIOUS_MOVE = YES;
				CLANG_WARN_UNGUARDED_AVAILABILITY = YES_AGGRESSIVE;
				CLANG_WARN_UNREACHABLE_CODE = YES;
				CLANG_WARN__DUPLICATE_METHOD_MATCH = YES;
				COPY_PHASE_STRIP = NO;
				DEBUG_INFORMATION_FORMAT = dwarf;
				ENABLE_STRICT_OBJC_MSGSEND = YES;
				ENABLE_TESTABILITY = YES;
				ENABLE_USER_SCRIPT_SANDBOXING = YES;
				GCC_C_LANGUAGE_STANDARD = gnu17;
				GCC_DYNAMIC_NO_PIC = NO;
				GCC_NO_COMMON_BLOCKS = YES;
				GCC_OPTIMIZATION_LEVEL = 0;
				GCC_PREPROCESSOR_DEFINITIONS = (
					"DEBUG=1",
					"$(inherited)",
				);
				GCC_WARN_64_TO_32_BIT_CONVERSION = YES;
				GCC_WARN_ABOUT_RETURN_TYPE = YES_ERROR;
				GCC_WARN_UNDECLARED_SELECTOR = YES;
				GCC_WARN_UNINITIALIZED_AUTOS = YES_AGGRESSIVE;
				GCC_WARN_UNUSED_FUNCTION = YES;
				GCC_WARN_UNUSED_VARIABLE = YES;
				IPHONEOS_DEPLOYMENT_TARGET = 17.0;
				LOCALIZATION_PREFERS_STRING_CATALOGS = YES;
				MTL_ENABLE_DEBUG_INFO = INCLUDE_SOURCE;
				MTL_FAST_MATH = YES;
				ONLY_ACTIVE_ARCH = YES;
				SDKROOT = iphoneos;
				SWIFT_ACTIVE_COMPILATION_CONDITIONS = "DEBUG $(inherited)";
				SWIFT_OPTIMIZATION_LEVEL = "-Onone";
			};
			name = Debug;
		};
		EE337F182B5562D2004DBA6B /* Release */ = {
			isa = XCBuildConfiguration;
			buildSettings = {
				ALWAYS_SEARCH_USER_PATHS = NO;
				ASSETCATALOG_COMPILER_GENERATE_SWIFT_ASSET_SYMBOL_EXTENSIONS = YES;
				CLANG_ANALYZER_NONNULL = YES;
				CLANG_ANALYZER_NUMBER_OBJECT_CONVERSION = YES_AGGRESSIVE;
				CLANG_CXX_LANGUAGE_STANDARD = "gnu++20";
				CLANG_ENABLE_MODULES = YES;
				CLANG_ENABLE_OBJC_ARC = YES;
				CLANG_ENABLE_OBJC_WEAK = YES;
				CLANG_WARN_BLOCK_CAPTURE_AUTORELEASING = YES;
				CLANG_WARN_BOOL_CONVERSION = YES;
				CLANG_WARN_COMMA = YES;
				CLANG_WARN_CONSTANT_CONVERSION = YES;
				CLANG_WARN_DEPRECATED_OBJC_IMPLEMENTATIONS = YES;
				CLANG_WARN_DIRECT_OBJC_ISA_USAGE = YES_ERROR;
				CLANG_WARN_DOCUMENTATION_COMMENTS = YES;
				CLANG_WARN_EMPTY_BODY = YES;
				CLANG_WARN_ENUM_CONVERSION = YES;
				CLANG_WARN_INFINITE_RECURSION = YES;
				CLANG_WARN_INT_CONVERSION = YES;
				CLANG_WARN_NON_LITERAL_NULL_CONVERSION = YES;
				CLANG_WARN_OBJC_IMPLICIT_RETAIN_SELF = YES;
				CLANG_WARN_OBJC_LITERAL_CONVERSION = YES;
				CLANG_WARN_OBJC_ROOT_CLASS = YES_ERROR;
				CLANG_WARN_QUOTED_INCLUDE_IN_FRAMEWORK_HEADER = YES;
				CLANG_WARN_RANGE_LOOP_ANALYSIS = YES;
				CLANG_WARN_STRICT_PROTOTYPES = YES;
				CLANG_WARN_SUSPICIOUS_MOVE = YES;
				CLANG_WARN_UNGUARDED_AVAILABILITY = YES_AGGRESSIVE;
				CLANG_WARN_UNREACHABLE_CODE = YES;
				CLANG_WARN__DUPLICATE_METHOD_MATCH = YES;
				COPY_PHASE_STRIP = NO;
				DEBUG_INFORMATION_FORMAT = "dwarf-with-dsym";
				ENABLE_NS_ASSERTIONS = NO;
				ENABLE_STRICT_OBJC_MSGSEND = YES;
				ENABLE_USER_SCRIPT_SANDBOXING = YES;
				GCC_C_LANGUAGE_STANDARD = gnu17;
				GCC_NO_COMMON_BLOCKS = YES;
				GCC_WARN_64_TO_32_BIT_CONVERSION = YES;
				GCC_WARN_ABOUT_RETURN_TYPE = YES_ERROR;
				GCC_WARN_UNDECLARED_SELECTOR = YES;
				GCC_WARN_UNINITIALIZED_AUTOS = YES_AGGRESSIVE;
				GCC_WARN_UNUSED_FUNCTION = YES;
				GCC_WARN_UNUSED_VARIABLE = YES;
				IPHONEOS_DEPLOYMENT_TARGET = 17.0;
				LOCALIZATION_PREFERS_STRING_CATALOGS = YES;
				MTL_ENABLE_DEBUG_INFO = NO;
				MTL_FAST_MATH = YES;
				SDKROOT = iphoneos;
				SWIFT_COMPILATION_MODE = wholemodule;
				VALIDATE_PRODUCT = YES;
			};
			name = Release;
		};
		EE337F1A2B5562D2004DBA6B /* Debug */ = {
			isa = XCBuildConfiguration;
			buildSettings = {
				ASSETCATALOG_COMPILER_APPICON_NAME = AppIcon;
				ASSETCATALOG_COMPILER_GLOBAL_ACCENT_COLOR_NAME = AccentColor;
				CODE_SIGN_STYLE = Automatic;
				CURRENT_PROJECT_VERSION = 1;
				DEVELOPMENT_TEAM = GUDFBFJP39;
				GENERATE_INFOPLIST_FILE = YES;
				INFOPLIST_FILE = Reserved/Info.plist;
				INFOPLIST_KEY_UIApplicationSupportsIndirectInputEvents = YES;
				INFOPLIST_KEY_UILaunchStoryboardName = LaunchScreen;
				INFOPLIST_KEY_UISupportedInterfaceOrientations = UIInterfaceOrientationPortrait;
				INFOPLIST_KEY_UISupportedInterfaceOrientations_iPad = "UIInterfaceOrientationLandscapeLeft UIInterfaceOrientationLandscapeRight UIInterfaceOrientationPortrait UIInterfaceOrientationPortraitUpsideDown";
				IPHONEOS_DEPLOYMENT_TARGET = 17.0;
				LD_RUNPATH_SEARCH_PATHS = (
					"$(inherited)",
					"@executable_path/Frameworks",
				);
				MARKETING_VERSION = 1.0;
				"OTHER_LDFLAGS[arch=*]" = (
					"-Xlinker",
					"-no_warn_duplicate_libraries",
				);
				PRODUCT_BUNDLE_IDENTIFIER = io.designcode.Reserved;
				PRODUCT_NAME = "$(TARGET_NAME)";
				SWIFT_EMIT_LOC_STRINGS = YES;
				SWIFT_VERSION = 5.0;
				TARGETED_DEVICE_FAMILY = "1,2";
			};
			name = Debug;
		};
		EE337F1B2B5562D2004DBA6B /* Release */ = {
			isa = XCBuildConfiguration;
			buildSettings = {
				ASSETCATALOG_COMPILER_APPICON_NAME = AppIcon;
				ASSETCATALOG_COMPILER_GLOBAL_ACCENT_COLOR_NAME = AccentColor;
				CODE_SIGN_STYLE = Automatic;
				CURRENT_PROJECT_VERSION = 1;
				DEVELOPMENT_TEAM = GUDFBFJP39;
				GENERATE_INFOPLIST_FILE = YES;
				INFOPLIST_FILE = Reserved/Info.plist;
				INFOPLIST_KEY_UIApplicationSupportsIndirectInputEvents = YES;
				INFOPLIST_KEY_UILaunchStoryboardName = LaunchScreen;
				INFOPLIST_KEY_UISupportedInterfaceOrientations = UIInterfaceOrientationPortrait;
				INFOPLIST_KEY_UISupportedInterfaceOrientations_iPad = "UIInterfaceOrientationLandscapeLeft UIInterfaceOrientationLandscapeRight UIInterfaceOrientationPortrait UIInterfaceOrientationPortraitUpsideDown";
				IPHONEOS_DEPLOYMENT_TARGET = 17.0;
				LD_RUNPATH_SEARCH_PATHS = (
					"$(inherited)",
					"@executable_path/Frameworks",
				);
				MARKETING_VERSION = 1.0;
				PRODUCT_BUNDLE_IDENTIFIER = io.designcode.Reserved;
				PRODUCT_NAME = "$(TARGET_NAME)";
				SWIFT_EMIT_LOC_STRINGS = YES;
				SWIFT_VERSION = 5.0;
				TARGETED_DEVICE_FAMILY = "1,2";
			};
			name = Release;
		};
		EEAB7CBF2B70052C0004FCC2 /* Debug */ = {
			isa = XCBuildConfiguration;
			buildSettings = {
				BUNDLE_LOADER = "$(TEST_HOST)";
				CODE_SIGN_STYLE = Automatic;
				CURRENT_PROJECT_VERSION = 1;
				DEVELOPMENT_TEAM = GUDFBFJP39;
				GENERATE_INFOPLIST_FILE = YES;
				IPHONEOS_DEPLOYMENT_TARGET = 17.2;
				MARKETING_VERSION = 1.0;
				PRODUCT_BUNDLE_IDENTIFIER = io.designcode.ReservationViewModelTests;
				PRODUCT_NAME = "$(TARGET_NAME)";
				SWIFT_EMIT_LOC_STRINGS = NO;
				SWIFT_VERSION = 5.0;
				TARGETED_DEVICE_FAMILY = "1,2";
				TEST_HOST = "$(BUILT_PRODUCTS_DIR)/Reserved.app/$(BUNDLE_EXECUTABLE_FOLDER_PATH)/Reserved";
			};
			name = Debug;
		};
		EEAB7CC02B70052C0004FCC2 /* Release */ = {
			isa = XCBuildConfiguration;
			buildSettings = {
				BUNDLE_LOADER = "$(TEST_HOST)";
				CODE_SIGN_STYLE = Automatic;
				CURRENT_PROJECT_VERSION = 1;
				DEVELOPMENT_TEAM = GUDFBFJP39;
				GENERATE_INFOPLIST_FILE = YES;
				IPHONEOS_DEPLOYMENT_TARGET = 17.2;
				MARKETING_VERSION = 1.0;
				PRODUCT_BUNDLE_IDENTIFIER = io.designcode.ReservationViewModelTests;
				PRODUCT_NAME = "$(TARGET_NAME)";
				SWIFT_EMIT_LOC_STRINGS = NO;
				SWIFT_VERSION = 5.0;
				TARGETED_DEVICE_FAMILY = "1,2";
				TEST_HOST = "$(BUILT_PRODUCTS_DIR)/Reserved.app/$(BUNDLE_EXECUTABLE_FOLDER_PATH)/Reserved";
			};
			name = Release;
		};
/* End XCBuildConfiguration section */

/* Begin XCConfigurationList section */
		EE337F002B5562D1004DBA6B /* Build configuration list for PBXProject "Reserved" */ = {
			isa = XCConfigurationList;
			buildConfigurations = (
				EE337F172B5562D2004DBA6B /* Debug */,
				EE337F182B5562D2004DBA6B /* Release */,
			);
			defaultConfigurationIsVisible = 0;
			defaultConfigurationName = Release;
		};
		EE337F192B5562D2004DBA6B /* Build configuration list for PBXNativeTarget "Reserved" */ = {
			isa = XCConfigurationList;
			buildConfigurations = (
				EE337F1A2B5562D2004DBA6B /* Debug */,
				EE337F1B2B5562D2004DBA6B /* Release */,
			);
			defaultConfigurationIsVisible = 0;
			defaultConfigurationName = Release;
		};
		EEAB7CC12B70052C0004FCC2 /* Build configuration list for PBXNativeTarget "ReservationViewModelTests" */ = {
			isa = XCConfigurationList;
			buildConfigurations = (
				EEAB7CBF2B70052C0004FCC2 /* Debug */,
				EEAB7CC02B70052C0004FCC2 /* Release */,
			);
			defaultConfigurationIsVisible = 0;
			defaultConfigurationName = Release;
		};
/* End XCConfigurationList section */

/* Begin XCRemoteSwiftPackageReference section */
		EE65E9E82B5D2E35009B6602 /* XCRemoteSwiftPackageReference "lottie-ios" */ = {
			isa = XCRemoteSwiftPackageReference;
			repositoryURL = "https://github.com/airbnb/lottie-ios";
			requirement = {
				kind = upToNextMajorVersion;
				minimumVersion = 4.3.4;
			};
		};
		EE98E0E62B57491D0074962D /* XCRemoteSwiftPackageReference "firebase-ios-sdk" */ = {
			isa = XCRemoteSwiftPackageReference;
			repositoryURL = "https://github.com/firebase/firebase-ios-sdk.git";
			requirement = {
				kind = upToNextMajorVersion;
				minimumVersion = 10.20.0;
			};
		};
		EEDABB772B590E8B00A918EC /* XCRemoteSwiftPackageReference "GoogleSignIn-iOS" */ = {
			isa = XCRemoteSwiftPackageReference;
			repositoryURL = "https://github.com/google/GoogleSignIn-iOS.git";
			requirement = {
				kind = upToNextMajorVersion;
				minimumVersion = 7.0.0;
			};
		};
/* End XCRemoteSwiftPackageReference section */

/* Begin XCSwiftPackageProductDependency section */
		EE65E9E92B5D2E36009B6602 /* Lottie */ = {
			isa = XCSwiftPackageProductDependency;
			package = EE65E9E82B5D2E35009B6602 /* XCRemoteSwiftPackageReference "lottie-ios" */;
			productName = Lottie;
		};
		EE98E0E72B57491D0074962D /* FirebaseAnalytics */ = {
			isa = XCSwiftPackageProductDependency;
			package = EE98E0E62B57491D0074962D /* XCRemoteSwiftPackageReference "firebase-ios-sdk" */;
			productName = FirebaseAnalytics;
		};
		EE98E0EB2B57491D0074962D /* FirebaseAnalyticsSwift */ = {
			isa = XCSwiftPackageProductDependency;
			package = EE98E0E62B57491D0074962D /* XCRemoteSwiftPackageReference "firebase-ios-sdk" */;
			productName = FirebaseAnalyticsSwift;
		};
		EE98E0F22B5749330074962D /* FirebaseAuth */ = {
			isa = XCSwiftPackageProductDependency;
			package = EE98E0E62B57491D0074962D /* XCRemoteSwiftPackageReference "firebase-ios-sdk" */;
			productName = FirebaseAuth;
		};
		EEDABB782B590E8B00A918EC /* GoogleSignIn */ = {
			isa = XCSwiftPackageProductDependency;
			package = EEDABB772B590E8B00A918EC /* XCRemoteSwiftPackageReference "GoogleSignIn-iOS" */;
			productName = GoogleSignIn;
		};
		EEDABB7A2B590E8B00A918EC /* GoogleSignInSwift */ = {
			isa = XCSwiftPackageProductDependency;
			package = EEDABB772B590E8B00A918EC /* XCRemoteSwiftPackageReference "GoogleSignIn-iOS" */;
			productName = GoogleSignInSwift;
		};
/* End XCSwiftPackageProductDependency section */
	};
	rootObject = EE337EFD2B5562D1004DBA6B /* Project object */;
}
